// !$*UTF8*$!
{
	archiveVersion = 1;
	classes = {
	};
	objectVersion = 50;
	objects = {

/* Begin PBXBuildFile section */
		E1C99D5D26C619D3008FCBA6 /* AppDelegate.m in Sources */ = {isa = PBXBuildFile; fileRef = E1C99D5C26C619D3008FCBA6 /* AppDelegate.m */; };
		E1C99D6026C619D3008FCBA6 /* SceneDelegate.m in Sources */ = {isa = PBXBuildFile; fileRef = E1C99D5F26C619D3008FCBA6 /* SceneDelegate.m */; };
		E1C99D6326C619D3008FCBA6 /* ViewController.m in Sources */ = {isa = PBXBuildFile; fileRef = E1C99D6226C619D3008FCBA6 /* ViewController.m */; };
		E1C99D6626C619D3008FCBA6 /* Main.storyboard in Resources */ = {isa = PBXBuildFile; fileRef = E1C99D6426C619D3008FCBA6 /* Main.storyboard */; };
		E1C99D6826C619D9008FCBA6 /* Assets.xcassets in Resources */ = {isa = PBXBuildFile; fileRef = E1C99D6726C619D9008FCBA6 /* Assets.xcassets */; };
		E1C99D6B26C619D9008FCBA6 /* LaunchScreen.storyboard in Resources */ = {isa = PBXBuildFile; fileRef = E1C99D6926C619D9008FCBA6 /* LaunchScreen.storyboard */; };
		E1C99D6E26C619D9008FCBA6 /* main.m in Sources */ = {isa = PBXBuildFile; fileRef = E1C99D6D26C619D9008FCBA6 /* main.m */; };
		E1C99D7826C619DA008FCBA6 /* ROTimerTests.m in Sources */ = {isa = PBXBuildFile; fileRef = E1C99D7726C619DA008FCBA6 /* ROTimerTests.m */; };
		E1C99D8326C619DA008FCBA6 /* ROTimerUITests.m in Sources */ = {isa = PBXBuildFile; fileRef = E1C99D8226C619DA008FCBA6 /* ROTimerUITests.m */; };
		E1C99D9226C619FC008FCBA6 /* ROTimer.m in Sources */ = {isa = PBXBuildFile; fileRef = E1C99D9126C619FC008FCBA6 /* ROTimer.m */; };
		E1C99D9526C665F4008FCBA6 /* SecondViewController.m in Sources */ = {isa = PBXBuildFile; fileRef = E1C99D9426C665F4008FCBA6 /* SecondViewController.m */; };
/* End PBXBuildFile section */

/* Begin PBXContainerItemProxy section */
		E1C99D7426C619DA008FCBA6 /* PBXContainerItemProxy */ = {
			isa = PBXContainerItemProxy;
			containerPortal = E1C99D5026C619D3008FCBA6 /* Project object */;
			proxyType = 1;
			remoteGlobalIDString = E1C99D5726C619D3008FCBA6;
			remoteInfo = ROTimer;
		};
		E1C99D7F26C619DA008FCBA6 /* PBXContainerItemProxy */ = {
			isa = PBXContainerItemProxy;
			containerPortal = E1C99D5026C619D3008FCBA6 /* Project object */;
			proxyType = 1;
			remoteGlobalIDString = E1C99D5726C619D3008FCBA6;
			remoteInfo = ROTimer;
		};
/* End PBXContainerItemProxy section */

/* Begin PBXFileReference section */
		E1C99D5826C619D3008FCBA6 /* ROTimer.app */ = {isa = PBXFileReference; explicitFileType = wrapper.application; includeInIndex = 0; path = ROTimer.app; sourceTree = BUILT_PRODUCTS_DIR; };
		E1C99D5B26C619D3008FCBA6 /* AppDelegate.h */ = {isa = PBXFileReference; lastKnownFileType = sourcecode.c.h; path = AppDelegate.h; sourceTree = "<group>"; };
		E1C99D5C26C619D3008FCBA6 /* AppDelegate.m */ = {isa = PBXFileReference; lastKnownFileType = sourcecode.c.objc; path = AppDelegate.m; sourceTree = "<group>"; };
		E1C99D5E26C619D3008FCBA6 /* SceneDelegate.h */ = {isa = PBXFileReference; lastKnownFileType = sourcecode.c.h; path = SceneDelegate.h; sourceTree = "<group>"; };
		E1C99D5F26C619D3008FCBA6 /* SceneDelegate.m */ = {isa = PBXFileReference; lastKnownFileType = sourcecode.c.objc; path = SceneDelegate.m; sourceTree = "<group>"; };
		E1C99D6126C619D3008FCBA6 /* ViewController.h */ = {isa = PBXFileReference; lastKnownFileType = sourcecode.c.h; path = ViewController.h; sourceTree = "<group>"; };
		E1C99D6226C619D3008FCBA6 /* ViewController.m */ = {isa = PBXFileReference; lastKnownFileType = sourcecode.c.objc; path = ViewController.m; sourceTree = "<group>"; };
		E1C99D6526C619D3008FCBA6 /* Base */ = {isa = PBXFileReference; lastKnownFileType = file.storyboard; name = Base; path = Base.lproj/Main.storyboard; sourceTree = "<group>"; };
		E1C99D6726C619D9008FCBA6 /* Assets.xcassets */ = {isa = PBXFileReference; lastKnownFileType = folder.assetcatalog; path = Assets.xcassets; sourceTree = "<group>"; };
		E1C99D6A26C619D9008FCBA6 /* Base */ = {isa = PBXFileReference; lastKnownFileType = file.storyboard; name = Base; path = Base.lproj/LaunchScreen.storyboard; sourceTree = "<group>"; };
		E1C99D6C26C619D9008FCBA6 /* Info.plist */ = {isa = PBXFileReference; lastKnownFileType = text.plist.xml; path = Info.plist; sourceTree = "<group>"; };
		E1C99D6D26C619D9008FCBA6 /* main.m */ = {isa = PBXFileReference; lastKnownFileType = sourcecode.c.objc; path = main.m; sourceTree = "<group>"; };
		E1C99D7326C619DA008FCBA6 /* ROTimerTests.xctest */ = {isa = PBXFileReference; explicitFileType = wrapper.cfbundle; includeInIndex = 0; path = ROTimerTests.xctest; sourceTree = BUILT_PRODUCTS_DIR; };
		E1C99D7726C619DA008FCBA6 /* ROTimerTests.m */ = {isa = PBXFileReference; lastKnownFileType = sourcecode.c.objc; path = ROTimerTests.m; sourceTree = "<group>"; };
		E1C99D7926C619DA008FCBA6 /* Info.plist */ = {isa = PBXFileReference; lastKnownFileType = text.plist.xml; path = Info.plist; sourceTree = "<group>"; };
		E1C99D7E26C619DA008FCBA6 /* ROTimerUITests.xctest */ = {isa = PBXFileReference; explicitFileType = wrapper.cfbundle; includeInIndex = 0; path = ROTimerUITests.xctest; sourceTree = BUILT_PRODUCTS_DIR; };
		E1C99D8226C619DA008FCBA6 /* ROTimerUITests.m */ = {isa = PBXFileReference; lastKnownFileType = sourcecode.c.objc; path = ROTimerUITests.m; sourceTree = "<group>"; };
		E1C99D8426C619DA008FCBA6 /* Info.plist */ = {isa = PBXFileReference; lastKnownFileType = text.plist.xml; path = Info.plist; sourceTree = "<group>"; };
		E1C99D9026C619FC008FCBA6 /* ROTimer.h */ = {isa = PBXFileReference; lastKnownFileType = sourcecode.c.h; path = ROTimer.h; sourceTree = "<group>"; };
		E1C99D9126C619FC008FCBA6 /* ROTimer.m */ = {isa = PBXFileReference; lastKnownFileType = sourcecode.c.objc; path = ROTimer.m; sourceTree = "<group>"; };
		E1C99D9326C665F4008FCBA6 /* SecondViewController.h */ = {isa = PBXFileReference; lastKnownFileType = sourcecode.c.h; path = SecondViewController.h; sourceTree = "<group>"; };
		E1C99D9426C665F4008FCBA6 /* SecondViewController.m */ = {isa = PBXFileReference; lastKnownFileType = sourcecode.c.objc; path = SecondViewController.m; sourceTree = "<group>"; };
/* End PBXFileReference section */

/* Begin PBXFrameworksBuildPhase section */
		E1C99D5526C619D3008FCBA6 /* Frameworks */ = {
			isa = PBXFrameworksBuildPhase;
			buildActionMask = 2147483647;
			files = (
			);
			runOnlyForDeploymentPostprocessing = 0;
		};
		E1C99D7026C619DA008FCBA6 /* Frameworks */ = {
			isa = PBXFrameworksBuildPhase;
			buildActionMask = 2147483647;
			files = (
			);
			runOnlyForDeploymentPostprocessing = 0;
		};
		E1C99D7B26C619DA008FCBA6 /* Frameworks */ = {
			isa = PBXFrameworksBuildPhase;
			buildActionMask = 2147483647;
			files = (
			);
			runOnlyForDeploymentPostprocessing = 0;
		};
/* End PBXFrameworksBuildPhase section */

/* Begin PBXGroup section */
		E1C99D4F26C619D3008FCBA6 = {
			isa = PBXGroup;
			children = (
				E1C99D5A26C619D3008FCBA6 /* ROTimer */,
				E1C99D7626C619DA008FCBA6 /* ROTimerTests */,
				E1C99D8126C619DA008FCBA6 /* ROTimerUITests */,
				E1C99D5926C619D3008FCBA6 /* Products */,
			);
			sourceTree = "<group>";
		};
		E1C99D5926C619D3008FCBA6 /* Products */ = {
			isa = PBXGroup;
			children = (
				E1C99D5826C619D3008FCBA6 /* ROTimer.app */,
				E1C99D7326C619DA008FCBA6 /* ROTimerTests.xctest */,
				E1C99D7E26C619DA008FCBA6 /* ROTimerUITests.xctest */,
			);
			name = Products;
			sourceTree = "<group>";
		};
		E1C99D5A26C619D3008FCBA6 /* ROTimer */ = {
			isa = PBXGroup;
			children = (
				E1C99D9026C619FC008FCBA6 /* ROTimer.h */,
				E1C99D9126C619FC008FCBA6 /* ROTimer.m */,
				E1C99D5B26C619D3008FCBA6 /* AppDelegate.h */,
				E1C99D5C26C619D3008FCBA6 /* AppDelegate.m */,
				E1C99D5E26C619D3008FCBA6 /* SceneDelegate.h */,
				E1C99D5F26C619D3008FCBA6 /* SceneDelegate.m */,
				E1C99D6126C619D3008FCBA6 /* ViewController.h */,
				E1C99D6226C619D3008FCBA6 /* ViewController.m */,
				E1C99D9326C665F4008FCBA6 /* SecondViewController.h */,
				E1C99D9426C665F4008FCBA6 /* SecondViewController.m */,
				E1C99D6426C619D3008FCBA6 /* Main.storyboard */,
				E1C99D6726C619D9008FCBA6 /* Assets.xcassets */,
				E1C99D6926C619D9008FCBA6 /* LaunchScreen.storyboard */,
				E1C99D6C26C619D9008FCBA6 /* Info.plist */,
				E1C99D6D26C619D9008FCBA6 /* main.m */,
			);
			path = ROTimer;
			sourceTree = "<group>";
		};
		E1C99D7626C619DA008FCBA6 /* ROTimerTests */ = {
			isa = PBXGroup;
			children = (
				E1C99D7726C619DA008FCBA6 /* ROTimerTests.m */,
				E1C99D7926C619DA008FCBA6 /* Info.plist */,
			);
			path = ROTimerTests;
			sourceTree = "<group>";
		};
		E1C99D8126C619DA008FCBA6 /* ROTimerUITests */ = {
			isa = PBXGroup;
			children = (
				E1C99D8226C619DA008FCBA6 /* ROTimerUITests.m */,
				E1C99D8426C619DA008FCBA6 /* Info.plist */,
			);
			path = ROTimerUITests;
			sourceTree = "<group>";
		};
/* End PBXGroup section */

/* Begin PBXNativeTarget section */
		E1C99D5726C619D3008FCBA6 /* ROTimer */ = {
			isa = PBXNativeTarget;
			buildConfigurationList = E1C99D8726C619DA008FCBA6 /* Build configuration list for PBXNativeTarget "ROTimer" */;
			buildPhases = (
				E1C99D5426C619D3008FCBA6 /* Sources */,
				E1C99D5526C619D3008FCBA6 /* Frameworks */,
				E1C99D5626C619D3008FCBA6 /* Resources */,
			);
			buildRules = (
			);
			dependencies = (
			);
			name = ROTimer;
			productName = ROTimer;
			productReference = E1C99D5826C619D3008FCBA6 /* ROTimer.app */;
			productType = "com.apple.product-type.application";
		};
		E1C99D7226C619DA008FCBA6 /* ROTimerTests */ = {
			isa = PBXNativeTarget;
			buildConfigurationList = E1C99D8A26C619DA008FCBA6 /* Build configuration list for PBXNativeTarget "ROTimerTests" */;
			buildPhases = (
				E1C99D6F26C619DA008FCBA6 /* Sources */,
				E1C99D7026C619DA008FCBA6 /* Frameworks */,
				E1C99D7126C619DA008FCBA6 /* Resources */,
			);
			buildRules = (
			);
			dependencies = (
				E1C99D7526C619DA008FCBA6 /* PBXTargetDependency */,
			);
			name = ROTimerTests;
			productName = ROTimerTests;
			productReference = E1C99D7326C619DA008FCBA6 /* ROTimerTests.xctest */;
			productType = "com.apple.product-type.bundle.unit-test";
		};
		E1C99D7D26C619DA008FCBA6 /* ROTimerUITests */ = {
			isa = PBXNativeTarget;
			buildConfigurationList = E1C99D8D26C619DA008FCBA6 /* Build configuration list for PBXNativeTarget "ROTimerUITests" */;
			buildPhases = (
				E1C99D7A26C619DA008FCBA6 /* Sources */,
				E1C99D7B26C619DA008FCBA6 /* Frameworks */,
				E1C99D7C26C619DA008FCBA6 /* Resources */,
			);
			buildRules = (
			);
			dependencies = (
				E1C99D8026C619DA008FCBA6 /* PBXTargetDependency */,
			);
			name = ROTimerUITests;
			productName = ROTimerUITests;
			productReference = E1C99D7E26C619DA008FCBA6 /* ROTimerUITests.xctest */;
			productType = "com.apple.product-type.bundle.ui-testing";
		};
/* End PBXNativeTarget section */

/* Begin PBXProject section */
		E1C99D5026C619D3008FCBA6 /* Project object */ = {
			isa = PBXProject;
			attributes = {
				LastUpgradeCheck = 1250;
				TargetAttributes = {
					E1C99D5726C619D3008FCBA6 = {
						CreatedOnToolsVersion = 12.5;
					};
					E1C99D7226C619DA008FCBA6 = {
						CreatedOnToolsVersion = 12.5;
						TestTargetID = E1C99D5726C619D3008FCBA6;
					};
					E1C99D7D26C619DA008FCBA6 = {
						CreatedOnToolsVersion = 12.5;
						TestTargetID = E1C99D5726C619D3008FCBA6;
					};
				};
			};
			buildConfigurationList = E1C99D5326C619D3008FCBA6 /* Build configuration list for PBXProject "ROTimer" */;
			compatibilityVersion = "Xcode 9.3";
			developmentRegion = en;
			hasScannedForEncodings = 0;
			knownRegions = (
				en,
				Base,
			);
			mainGroup = E1C99D4F26C619D3008FCBA6;
			productRefGroup = E1C99D5926C619D3008FCBA6 /* Products */;
			projectDirPath = "";
			projectRoot = "";
			targets = (
				E1C99D5726C619D3008FCBA6 /* ROTimer */,
				E1C99D7226C619DA008FCBA6 /* ROTimerTests */,
				E1C99D7D26C619DA008FCBA6 /* ROTimerUITests */,
			);
		};
/* End PBXProject section */

/* Begin PBXResourcesBuildPhase section */
		E1C99D5626C619D3008FCBA6 /* Resources */ = {
			isa = PBXResourcesBuildPhase;
			buildActionMask = 2147483647;
			files = (
				E1C99D6B26C619D9008FCBA6 /* LaunchScreen.storyboard in Resources */,
				E1C99D6826C619D9008FCBA6 /* Assets.xcassets in Resources */,
				E1C99D6626C619D3008FCBA6 /* Main.storyboard in Resources */,
			);
			runOnlyForDeploymentPostprocessing = 0;
		};
		E1C99D7126C619DA008FCBA6 /* Resources */ = {
			isa = PBXResourcesBuildPhase;
			buildActionMask = 2147483647;
			files = (
			);
			runOnlyForDeploymentPostprocessing = 0;
		};
		E1C99D7C26C619DA008FCBA6 /* Resources */ = {
			isa = PBXResourcesBuildPhase;
			buildActionMask = 2147483647;
			files = (
			);
			runOnlyForDeploymentPostprocessing = 0;
		};
/* End PBXResourcesBuildPhase section */

/* Begin PBXSourcesBuildPhase section */
		E1C99D5426C619D3008FCBA6 /* Sources */ = {
			isa = PBXSourcesBuildPhase;
			buildActionMask = 2147483647;
			files = (
				E1C99D9526C665F4008FCBA6 /* SecondViewController.m in Sources */,
				E1C99D9226C619FC008FCBA6 /* ROTimer.m in Sources */,
				E1C99D6326C619D3008FCBA6 /* ViewController.m in Sources */,
				E1C99D5D26C619D3008FCBA6 /* AppDelegate.m in Sources */,
				E1C99D6E26C619D9008FCBA6 /* main.m in Sources */,
				E1C99D6026C619D3008FCBA6 /* SceneDelegate.m in Sources */,
			);
			runOnlyForDeploymentPostprocessing = 0;
		};
		E1C99D6F26C619DA008FCBA6 /* Sources */ = {
			isa = PBXSourcesBuildPhase;
			buildActionMask = 2147483647;
			files = (
				E1C99D7826C619DA008FCBA6 /* ROTimerTests.m in Sources */,
			);
			runOnlyForDeploymentPostprocessing = 0;
		};
		E1C99D7A26C619DA008FCBA6 /* Sources */ = {
			isa = PBXSourcesBuildPhase;
			buildActionMask = 2147483647;
			files = (
				E1C99D8326C619DA008FCBA6 /* ROTimerUITests.m in Sources */,
			);
			runOnlyForDeploymentPostprocessing = 0;
		};
/* End PBXSourcesBuildPhase section */

/* Begin PBXTargetDependency section */
		E1C99D7526C619DA008FCBA6 /* PBXTargetDependency */ = {
			isa = PBXTargetDependency;
			target = E1C99D5726C619D3008FCBA6 /* ROTimer */;
			targetProxy = E1C99D7426C619DA008FCBA6 /* PBXContainerItemProxy */;
		};
		E1C99D8026C619DA008FCBA6 /* PBXTargetDependency */ = {
			isa = PBXTargetDependency;
			target = E1C99D5726C619D3008FCBA6 /* ROTimer */;
			targetProxy = E1C99D7F26C619DA008FCBA6 /* PBXContainerItemProxy */;
		};
/* End PBXTargetDependency section */

/* Begin PBXVariantGroup section */
		E1C99D6426C619D3008FCBA6 /* Main.storyboard */ = {
			isa = PBXVariantGroup;
			children = (
				E1C99D6526C619D3008FCBA6 /* Base */,
			);
			name = Main.storyboard;
			sourceTree = "<group>";
		};
		E1C99D6926C619D9008FCBA6 /* LaunchScreen.storyboard */ = {
			isa = PBXVariantGroup;
			children = (
				E1C99D6A26C619D9008FCBA6 /* Base */,
			);
			name = LaunchScreen.storyboard;
			sourceTree = "<group>";
		};
/* End PBXVariantGroup section */

/* Begin XCBuildConfiguration section */
		E1C99D8526C619DA008FCBA6 /* Debug */ = {
			isa = XCBuildConfiguration;
			buildSettings = {
				ALWAYS_SEARCH_USER_PATHS = NO;
				CLANG_ANALYZER_NONNULL = YES;
				CLANG_ANALYZER_NUMBER_OBJECT_CONVERSION = YES_AGGRESSIVE;
				CLANG_CXX_LANGUAGE_STANDARD = "gnu++14";
				CLANG_CXX_LIBRARY = "libc++";
				CLANG_ENABLE_MODULES = YES;
				CLANG_ENABLE_OBJC_ARC = YES;
				CLANG_ENABLE_OBJC_WEAK = YES;
				CLANG_WARN_BLOCK_CAPTURE_AUTORELEASING = YES;
				CLANG_WARN_BOOL_CONVERSION = YES;
				CLANG_WARN_COMMA = YES;
				CLANG_WARN_CONSTANT_CONVERSION = YES;
				CLANG_WARN_DEPRECATED_OBJC_IMPLEMENTATIONS = YES;
				CLANG_WARN_DIRECT_OBJC_ISA_USAGE = YES_ERROR;
				CLANG_WARN_DOCUMENTATION_COMMENTS = YES;
				CLANG_WARN_EMPTY_BODY = YES;
				CLANG_WARN_ENUM_CONVERSION = YES;
				CLANG_WARN_INFINITE_RECURSION = YES;
				CLANG_WARN_INT_CONVERSION = YES;
				CLANG_WARN_NON_LITERAL_NULL_CONVERSION = YES;
				CLANG_WARN_OBJC_IMPLICIT_RETAIN_SELF = YES;
				CLANG_WARN_OBJC_LITERAL_CONVERSION = YES;
				CLANG_WARN_OBJC_ROOT_CLASS = YES_ERROR;
				CLANG_WARN_QUOTED_INCLUDE_IN_FRAMEWORK_HEADER = YES;
				CLANG_WARN_RANGE_LOOP_ANALYSIS = YES;
				CLANG_WARN_STRICT_PROTOTYPES = YES;
				CLANG_WARN_SUSPICIOUS_MOVE = YES;
				CLANG_WARN_UNGUARDED_AVAILABILITY = YES_AGGRESSIVE;
				CLANG_WARN_UNREACHABLE_CODE = YES;
				CLANG_WARN__DUPLICATE_METHOD_MATCH = YES;
				COPY_PHASE_STRIP = NO;
				DEBUG_INFORMATION_FORMAT = dwarf;
				ENABLE_STRICT_OBJC_MSGSEND = YES;
				ENABLE_TESTABILITY = YES;
				GCC_C_LANGUAGE_STANDARD = gnu11;
				GCC_DYNAMIC_NO_PIC = NO;
				GCC_NO_COMMON_BLOCKS = YES;
				GCC_OPTIMIZATION_LEVEL = 0;
				GCC_PREPROCESSOR_DEFINITIONS = (
					"DEBUG=1",
					"$(inherited)",
				);
				GCC_WARN_64_TO_32_BIT_CONVERSION = YES;
				GCC_WARN_ABOUT_RETURN_TYPE = YES_ERROR;
				GCC_WARN_UNDECLARED_SELECTOR = YES;
				GCC_WARN_UNINITIALIZED_AUTOS = YES_AGGRESSIVE;
				GCC_WARN_UNUSED_FUNCTION = YES;
				GCC_WARN_UNUSED_VARIABLE = YES;
				IPHONEOS_DEPLOYMENT_TARGET = 14.5;
				MTL_ENABLE_DEBUG_INFO = INCLUDE_SOURCE;
				MTL_FAST_MATH = YES;
				ONLY_ACTIVE_ARCH = YES;
				SDKROOT = iphoneos;
			};
			name = Debug;
		};
		E1C99D8626C619DA008FCBA6 /* Release */ = {
			isa = XCBuildConfiguration;
			buildSettings = {
				ALWAYS_SEARCH_USER_PATHS = NO;
				CLANG_ANALYZER_NONNULL = YES;
				CLANG_ANALYZER_NUMBER_OBJECT_CONVERSION = YES_AGGRESSIVE;
				CLANG_CXX_LANGUAGE_STANDARD = "gnu++14";
				CLANG_CXX_LIBRARY = "libc++";
				CLANG_ENABLE_MODULES = YES;
				CLANG_ENABLE_OBJC_ARC = YES;
				CLANG_ENABLE_OBJC_WEAK = YES;
				CLANG_WARN_BLOCK_CAPTURE_AUTORELEASING = YES;
				CLANG_WARN_BOOL_CONVERSION = YES;
				CLANG_WARN_COMMA = YES;
				CLANG_WARN_CONSTANT_CONVERSION = YES;
				CLANG_WARN_DEPRECATED_OBJC_IMPLEMENTATIONS = YES;
				CLANG_WARN_DIRECT_OBJC_ISA_USAGE = YES_ERROR;
				CLANG_WARN_DOCUMENTATION_COMMENTS = YES;
				CLANG_WARN_EMPTY_BODY = YES;
				CLANG_WARN_ENUM_CONVERSION = YES;
				CLANG_WARN_INFINITE_RECURSION = YES;
				CLANG_WARN_INT_CONVERSION = YES;
				CLANG_WARN_NON_LITERAL_NULL_CONVERSION = YES;
				CLANG_WARN_OBJC_IMPLICIT_RETAIN_SELF = YES;
				CLANG_WARN_OBJC_LITERAL_CONVERSION = YES;
				CLANG_WARN_OBJC_ROOT_CLASS = YES_ERROR;
				CLANG_WARN_QUOTED_INCLUDE_IN_FRAMEWORK_HEADER = YES;
				CLANG_WARN_RANGE_LOOP_ANALYSIS = YES;
				CLANG_WARN_STRICT_PROTOTYPES = YES;
				CLANG_WARN_SUSPICIOUS_MOVE = YES;
				CLANG_WARN_UNGUARDED_AVAILABILITY = YES_AGGRESSIVE;
				CLANG_WARN_UNREACHABLE_CODE = YES;
				CLANG_WARN__DUPLICATE_METHOD_MATCH = YES;
				COPY_PHASE_STRIP = NO;
				DEBUG_INFORMATION_FORMAT = "dwarf-with-dsym";
				ENABLE_NS_ASSERTIONS = NO;
				ENABLE_STRICT_OBJC_MSGSEND = YES;
				GCC_C_LANGUAGE_STANDARD = gnu11;
				GCC_NO_COMMON_BLOCKS = YES;
				GCC_WARN_64_TO_32_BIT_CONVERSION = YES;
				GCC_WARN_ABOUT_RETURN_TYPE = YES_ERROR;
				GCC_WARN_UNDECLARED_SELECTOR = YES;
				GCC_WARN_UNINITIALIZED_AUTOS = YES_AGGRESSIVE;
				GCC_WARN_UNUSED_FUNCTION = YES;
				GCC_WARN_UNUSED_VARIABLE = YES;
				IPHONEOS_DEPLOYMENT_TARGET = 14.5;
				MTL_ENABLE_DEBUG_INFO = NO;
				MTL_FAST_MATH = YES;
				SDKROOT = iphoneos;
				VALIDATE_PRODUCT = YES;
			};
			name = Release;
		};
		E1C99D8826C619DA008FCBA6 /* Debug */ = {
			isa = XCBuildConfiguration;
			buildSettings = {
				ASSETCATALOG_COMPILER_APPICON_NAME = AppIcon;
				ASSETCATALOG_COMPILER_GLOBAL_ACCENT_COLOR_NAME = AccentColor;
				CODE_SIGN_STYLE = Automatic;
				DEVELOPMENT_TEAM = UCM26PRU69;
				INFOPLIST_FILE = ROTimer/Info.plist;
				IPHONEOS_DEPLOYMENT_TARGET = 13.0;
				LD_RUNPATH_SEARCH_PATHS = (
					"$(inherited)",
					"@executable_path/Frameworks",
				);
				PRODUCT_BUNDLE_IDENTIFIER = com.robert.R567.ROTimer;
				PRODUCT_NAME = "$(TARGET_NAME)";
				TARGETED_DEVICE_FAMILY = "1,2";
			};
			name = Debug;
		};
		E1C99D8926C619DA008FCBA6 /* Release */ = {
			isa = XCBuildConfiguration;
			buildSettings = {
				ASSETCATALOG_COMPILER_APPICON_NAME = AppIcon;
				ASSETCATALOG_COMPILER_GLOBAL_ACCENT_COLOR_NAME = AccentColor;
				CODE_SIGN_STYLE = Automatic;
				DEVELOPMENT_TEAM = UCM26PRU69;
				INFOPLIST_FILE = ROTimer/Info.plist;
				IPHONEOS_DEPLOYMENT_TARGET = 13.0;
				LD_RUNPATH_SEARCH_PATHS = (
					"$(inherited)",
					"@executable_path/Frameworks",
				);
				PRODUCT_BUNDLE_IDENTIFIER = com.robert.R567.ROTimer;
				PRODUCT_NAME = "$(TARGET_NAME)";
				TARGETED_DEVICE_FAMILY = "1,2";
			};
			name = Release;
		};
		E1C99D8B26C619DA008FCBA6 /* Debug */ = {
			isa = XCBuildConfiguration;
			buildSettings = {
				BUNDLE_LOADER = "$(TEST_HOST)";
				CODE_SIGN_STYLE = Automatic;
				DEVELOPMENT_TEAM = UCM26PRU69;
				INFOPLIST_FILE = ROTimerTests/Info.plist;
				IPHONEOS_DEPLOYMENT_TARGET = 14.5;
				LD_RUNPATH_SEARCH_PATHS = (
					"$(inherited)",
					"@executable_path/Frameworks",
					"@loader_path/Frameworks",
				);
				PRODUCT_BUNDLE_IDENTIFIER = com.robert.R567.ROTimerTests;
				PRODUCT_NAME = "$(TARGET_NAME)";
				TARGETED_DEVICE_FAMILY = "1,2";
				TEST_HOST = "$(BUILT_PRODUCTS_DIR)/ROTimer.app/ROTimer";
			};
			name = Debug;
		};
		E1C99D8C26C619DA008FCBA6 /* Release */ = {
			isa = XCBuildConfiguration;
			buildSettings = {
				BUNDLE_LOADER = "$(TEST_HOST)";
				CODE_SIGN_STYLE = Automatic;
				DEVELOPMENT_TEAM = UCM26PRU69;
				INFOPLIST_FILE = ROTimerTests/Info.plist;
				IPHONEOS_DEPLOYMENT_TARGET = 14.5;
				LD_RUNPATH_SEARCH_PATHS = (
					"$(inherited)",
					"@executable_path/Frameworks",
					"@loader_path/Frameworks",
				);
				PRODUCT_BUNDLE_IDENTIFIER = com.robert.R567.ROTimerTests;
				PRODUCT_NAME = "$(TARGET_NAME)";
				TARGETED_DEVICE_FAMILY = "1,2";
				TEST_HOST = "$(BUILT_PRODUCTS_DIR)/ROTimer.app/ROTimer";
			};
			name = Release;
		};
		E1C99D8E26C619DA008FCBA6 /* Debug */ = {
			isa = XCBuildConfiguration;
			buildSettings = {
				CODE_SIGN_STYLE = Automatic;
				DEVELOPMENT_TEAM = UCM26PRU69;
				INFOPLIST_FILE = ROTimerUITests/Info.plist;
				LD_RUNPATH_SEARCH_PATHS = (
					"$(inherited)",
					"@executable_path/Frameworks",
					"@loader_path/Frameworks",
				);
				PRODUCT_BUNDLE_IDENTIFIER = com.robert.R567.ROTimerUITests;
				PRODUCT_NAME = "$(TARGET_NAME)";
				TARGETED_DEVICE_FAMILY = "1,2";
				TEST_TARGET_NAME = ROTimer;
			};
			name = Debug;
		};
		E1C99D8F26C619DA008FCBA6 /* Release */ = {
			isa = XCBuildConfiguration;
			buildSettings = {
				CODE_SIGN_STYLE = Automatic;
				DEVELOPMENT_TEAM = UCM26PRU69;
				INFOPLIST_FILE = ROTimerUITests/Info.plist;
				LD_RUNPATH_SEARCH_PATHS = (
					"$(inherited)",
					"@executable_path/Frameworks",
					"@loader_path/Frameworks",
				);
				PRODUCT_BUNDLE_IDENTIFIER = com.robert.R567.ROTimerUITests;
				PRODUCT_NAME = "$(TARGET_NAME)";
				TARGETED_DEVICE_FAMILY = "1,2";
				TEST_TARGET_NAME = ROTimer;
			};
			name = Release;
		};
/* End XCBuildConfiguration section */

/* Begin XCConfigurationList section */
		E1C99D5326C619D3008FCBA6 /* Build configuration list for PBXProject "ROTimer" */ = {
			isa = XCConfigurationList;
			buildConfigurations = (
				E1C99D8526C619DA008FCBA6 /* Debug */,
				E1C99D8626C619DA008FCBA6 /* Release */,
			);
			defaultConfigurationIsVisible = 0;
			defaultConfigurationName = Release;
		};
		E1C99D8726C619DA008FCBA6 /* Build configuration list for PBXNativeTarget "ROTimer" */ = {
			isa = XCConfigurationList;
			buildConfigurations = (
				E1C99D8826C619DA008FCBA6 /* Debug */,
				E1C99D8926C619DA008FCBA6 /* Release */,
			);
			defaultConfigurationIsVisible = 0;
			defaultConfigurationName = Release;
		};
		E1C99D8A26C619DA008FCBA6 /* Build configuration list for PBXNativeTarget "ROTimerTests" */ = {
			isa = XCConfigurationList;
			buildConfigurations = (
				E1C99D8B26C619DA008FCBA6 /* Debug */,
				E1C99D8C26C619DA008FCBA6 /* Release */,
			);
			defaultConfigurationIsVisible = 0;
			defaultConfigurationName = Release;
		};
		E1C99D8D26C619DA008FCBA6 /* Build configuration list for PBXNativeTarget "ROTimerUITests" */ = {
			isa = XCConfigurationList;
			buildConfigurations = (
				E1C99D8E26C619DA008FCBA6 /* Debug */,
				E1C99D8F26C619DA008FCBA6 /* Release */,
			);
			defaultConfigurationIsVisible = 0;
			defaultConfigurationName = Release;
		};
/* End XCConfigurationList section */
	};
	rootObject = E1C99D5026C619D3008FCBA6 /* Project object */;
}
